
Microsoft Visual Studio Solution File, Format Version 12.00
# Visual Studio 15
VisualStudioVersion = 15.0.26124.0
MinimumVisualStudioVersion = 15.0.26124.0
Project("{FAE04EC0-301F-11D3-BF4B-00C04F79EFBC}") = "PaymentContext.Domain", "PaymentContext.Domain\PaymentContext.Domain.csproj", "{BFB0B7C0-0863-43EF-BDEC-71C9CD1CFFA2}"
EndProject
Project("{FAE04EC0-301F-11D3-BF4B-00C04F79EFBC}") = "PaymentContext.Shared", "PaymentContext.Shared\PaymentContext.Shared.csproj", "{E9FCE75C-EE43-47A7-8BB3-1701F51312F6}"
EndProject
Project("{FAE04EC0-301F-11D3-BF4B-00C04F79EFBC}") = "PaymentContext.Tests", "PaymentContext.Tests\PaymentContext.Tests.csproj", "{A78CDF56-CA9E-433D-BE77-70D146E75939}"
EndProject
Global
	GlobalSection(SolutionConfigurationPlatforms) = preSolution
		Debug|Any CPU = Debug|Any CPU
		Debug|x64 = Debug|x64
		Debug|x86 = Debug|x86
		Release|Any CPU = Release|Any CPU
		Release|x64 = Release|x64
		Release|x86 = Release|x86
	EndGlobalSection
	GlobalSection(SolutionProperties) = preSolution
		HideSolutionNode = FALSE
	EndGlobalSection
	GlobalSection(ProjectConfigurationPlatforms) = postSolution
		{BFB0B7C0-0863-43EF-BDEC-71C9CD1CFFA2}.Debug|Any CPU.ActiveCfg = Debug|Any CPU
		{BFB0B7C0-0863-43EF-BDEC-71C9CD1CFFA2}.Debug|Any CPU.Build.0 = Debug|Any CPU
		{BFB0B7C0-0863-43EF-BDEC-71C9CD1CFFA2}.Debug|x64.ActiveCfg = Debug|Any CPU
		{BFB0B7C0-0863-43EF-BDEC-71C9CD1CFFA2}.Debug|x64.Build.0 = Debug|Any CPU
		{BFB0B7C0-0863-43EF-BDEC-71C9CD1CFFA2}.Debug|x86.ActiveCfg = Debug|Any CPU
		{BFB0B7C0-0863-43EF-BDEC-71C9CD1CFFA2}.Debug|x86.Build.0 = Debug|Any CPU
		{BFB0B7C0-0863-43EF-BDEC-71C9CD1CFFA2}.Release|Any CPU.ActiveCfg = Release|Any CPU
		{BFB0B7C0-0863-43EF-BDEC-71C9CD1CFFA2}.Release|Any CPU.Build.0 = Release|Any CPU
		{BFB0B7C0-0863-43EF-BDEC-71C9CD1CFFA2}.Release|x64.ActiveCfg = Release|Any CPU
		{BFB0B7C0-0863-43EF-BDEC-71C9CD1CFFA2}.Release|x64.Build.0 = Release|Any CPU
		{BFB0B7C0-0863-43EF-BDEC-71C9CD1CFFA2}.Release|x86.ActiveCfg = Release|Any CPU
		{BFB0B7C0-0863-43EF-BDEC-71C9CD1CFFA2}.Release|x86.Build.0 = Release|Any CPU
		{E9FCE75C-EE43-47A7-8BB3-1701F51312F6}.Debug|Any CPU.ActiveCfg = Debug|Any CPU
		{E9FCE75C-EE43-47A7-8BB3-1701F51312F6}.Debug|Any CPU.Build.0 = Debug|Any CPU
		{E9FCE75C-EE43-47A7-8BB3-1701F51312F6}.Debug|x64.ActiveCfg = Debug|Any CPU
		{E9FCE75C-EE43-47A7-8BB3-1701F51312F6}.Debug|x64.Build.0 = Debug|Any CPU
		{E9FCE75C-EE43-47A7-8BB3-1701F51312F6}.Debug|x86.ActiveCfg = Debug|Any CPU
		{E9FCE75C-EE43-47A7-8BB3-1701F51312F6}.Debug|x86.Build.0 = Debug|Any CPU
		{E9FCE75C-EE43-47A7-8BB3-1701F51312F6}.Release|Any CPU.ActiveCfg = Release|Any CPU
		{E9FCE75C-EE43-47A7-8BB3-1701F51312F6}.Release|Any CPU.Build.0 = Release|Any CPU
		{E9FCE75C-EE43-47A7-8BB3-1701F51312F6}.Release|x64.ActiveCfg = Release|Any CPU
		{E9FCE75C-EE43-47A7-8BB3-1701F51312F6}.Release|x64.Build.0 = Release|Any CPU
		{E9FCE75C-EE43-47A7-8BB3-1701F51312F6}.Release|x86.ActiveCfg = Release|Any CPU
		{E9FCE75C-EE43-47A7-8BB3-1701F51312F6}.Release|x86.Build.0 = Release|Any CPU
		{A78CDF56-CA9E-433D-BE77-70D146E75939}.Debug|Any CPU.ActiveCfg = Debug|Any CPU
		{A78CDF56-CA9E-433D-BE77-70D146E75939}.Debug|Any CPU.Build.0 = Debug|Any CPU
		{A78CDF56-CA9E-433D-BE77-70D146E75939}.Debug|x64.ActiveCfg = Debug|Any CPU
		{A78CDF56-CA9E-433D-BE77-70D146E75939}.Debug|x64.Build.0 = Debug|Any CPU
		{A78CDF56-CA9E-433D-BE77-70D146E75939}.Debug|x86.ActiveCfg = Debug|Any CPU
		{A78CDF56-CA9E-433D-BE77-70D146E75939}.Debug|x86.Build.0 = Debug|Any CPU
		{A78CDF56-CA9E-433D-BE77-70D146E75939}.Release|Any CPU.ActiveCfg = Release|Any CPU
		{A78CDF56-CA9E-433D-BE77-70D146E75939}.Release|Any CPU.Build.0 = Release|Any CPU
		{A78CDF56-CA9E-433D-BE77-70D146E75939}.Release|x64.ActiveCfg = Release|Any CPU
		{A78CDF56-CA9E-433D-BE77-70D146E75939}.Release|x64.Build.0 = Release|Any CPU
		{A78CDF56-CA9E-433D-BE77-70D146E75939}.Release|x86.ActiveCfg = Release|Any CPU
		{A78CDF56-CA9E-433D-BE77-70D146E75939}.Release|x86.Build.0 = Release|Any CPU
	EndGlobalSection
EndGlobal
